
Microsoft Visual Studio Solution File, Format Version 12.00
# Visual Studio Version 16
VisualStudioVersion = 16.0.32106.194
MinimumVisualStudioVersion = 10.0.40219.1
Project("{FAE04EC0-301F-11D3-BF4B-00C04F79EFBC}") = "veterinary clinic", "veterinary clinic.csproj", "{1D0FB39D-E459-43B1-8BB8-FC06F91DF8A1}"
EndProject
Global
	GlobalSection(SolutionConfigurationPlatforms) = preSolution
		Debug|Any CPU = Debug|Any CPU
		Release|Any CPU = Release|Any CPU
	EndGlobalSection
	GlobalSection(ProjectConfigurationPlatforms) = postSolution
		{1D0FB39D-E459-43B1-8BB8-FC06F91DF8A1}.Debug|Any CPU.ActiveCfg = Debug|Any CPU
		{1D0FB39D-E459-43B1-8BB8-FC06F91DF8A1}.Debug|Any CPU.Build.0 = Debug|Any CPU
		{1D0FB39D-E459-43B1-8BB8-FC06F91DF8A1}.Release|Any CPU.ActiveCfg = Release|Any CPU
		{1D0FB39D-E459-43B1-8BB8-FC06F91DF8A1}.Release|Any CPU.Build.0 = Release|Any CPU
	EndGlobalSection
	GlobalSection(SolutionProperties) = preSolution
		HideSolutionNode = FALSE
	EndGlobalSection
	GlobalSection(ExtensibilityGlobals) = postSolution
		SolutionGuid = {337B418A-E1E9-4FB3-AFC8-ECF521C82F0E}
	EndGlobalSection
EndGlobal
